// !$*UTF8*$!
{
	archiveVersion = 1;
	classes = {
	};
	objectVersion = 48;
	objects = {

/* Begin PBXBuildFile section */
		617959A321FDB97900CDDAD3 /* AppDelegate.swift in Sources */ = {isa = PBXBuildFile; fileRef = 617959A221FDB97900CDDAD3 /* AppDelegate.swift */; };
		617959A521FDB97900CDDAD3 /* ViewController.swift in Sources */ = {isa = PBXBuildFile; fileRef = 617959A421FDB97900CDDAD3 /* ViewController.swift */; };
		617959A821FDB97900CDDAD3 /* Main.storyboard in Resources */ = {isa = PBXBuildFile; fileRef = 617959A621FDB97900CDDAD3 /* Main.storyboard */; };
		617959AA21FDB97900CDDAD3 /* Assets.xcassets in Resources */ = {isa = PBXBuildFile; fileRef = 617959A921FDB97900CDDAD3 /* Assets.xcassets */; };
		617959AD21FDB97900CDDAD3 /* LaunchScreen.storyboard in Resources */ = {isa = PBXBuildFile; fileRef = 617959AB21FDB97900CDDAD3 /* LaunchScreen.storyboard */; };
		61E766B221FE03F0001F35E6 /* UIViewController.swift in Sources */ = {isa = PBXBuildFile; fileRef = 61E766B121FE03F0001F35E6 /* UIViewController.swift */; };
		61E766B521FE044F001F35E6 /* ViewController+UITextField.swift in Sources */ = {isa = PBXBuildFile; fileRef = 61E766B421FE044F001F35E6 /* ViewController+UITextField.swift */; };
		61E766B721FE048E001F35E6 /* ViewController+GMSMapView.swift in Sources */ = {isa = PBXBuildFile; fileRef = 61E766B621FE048E001F35E6 /* ViewController+GMSMapView.swift */; };
		61E766B921FE04BC001F35E6 /* ViewController+CLLocationManager.swift in Sources */ = {isa = PBXBuildFile; fileRef = 61E766B821FE04BC001F35E6 /* ViewController+CLLocationManager.swift */; };
		61E766BB21FE04E2001F35E6 /* ViewController+GMSAutocompleteViewController.swift in Sources */ = {isa = PBXBuildFile; fileRef = 61E766BA21FE04E2001F35E6 /* ViewController+GMSAutocompleteViewController.swift */; };
		61E766BD21FE056D001F35E6 /* LocationEnum.swift in Sources */ = {isa = PBXBuildFile; fileRef = 61E766BC21FE056D001F35E6 /* LocationEnum.swift */; };
		61E766BF21FE07BA001F35E6 /* APIKey.swift in Sources */ = {isa = PBXBuildFile; fileRef = 61E766BE21FE07BA001F35E6 /* APIKey.swift */; };
		61E766C521FE3196001F35E6 /* night.json in Resources */ = {isa = PBXBuildFile; fileRef = 61E766C421FE3191001F35E6 /* night.json */; };
		61E766C821FE31D1001F35E6 /* standard.json in Resources */ = {isa = PBXBuildFile; fileRef = 61E766C721FE31D1001F35E6 /* standard.json */; };
		CF3F715DEFD148D241E94B5C /* Pods_RouteBuilder_GoogleMaps_.framework in Frameworks */ = {isa = PBXBuildFile; fileRef = 989958F95A2A8F501E332CA2 /* Pods_RouteBuilder_GoogleMaps_.framework */; };
/* End PBXBuildFile section */

/* Begin PBXFileReference section */
		6179599F21FDB97900CDDAD3 /* RouteBuilder(GoogleMaps).app */ = {isa = PBXFileReference; explicitFileType = wrapper.application; includeInIndex = 0; path = "RouteBuilder(GoogleMaps).app"; sourceTree = BUILT_PRODUCTS_DIR; };
		617959A221FDB97900CDDAD3 /* AppDelegate.swift */ = {isa = PBXFileReference; lastKnownFileType = sourcecode.swift; path = AppDelegate.swift; sourceTree = "<group>"; };
		617959A421FDB97900CDDAD3 /* ViewController.swift */ = {isa = PBXFileReference; lastKnownFileType = sourcecode.swift; path = ViewController.swift; sourceTree = "<group>"; };
		617959A721FDB97900CDDAD3 /* Base */ = {isa = PBXFileReference; lastKnownFileType = file.storyboard; name = Base; path = Base.lproj/Main.storyboard; sourceTree = "<group>"; };
		617959A921FDB97900CDDAD3 /* Assets.xcassets */ = {isa = PBXFileReference; lastKnownFileType = folder.assetcatalog; path = Assets.xcassets; sourceTree = "<group>"; };
		617959AC21FDB97900CDDAD3 /* Base */ = {isa = PBXFileReference; lastKnownFileType = file.storyboard; name = Base; path = Base.lproj/LaunchScreen.storyboard; sourceTree = "<group>"; };
		617959AE21FDB97900CDDAD3 /* Info.plist */ = {isa = PBXFileReference; lastKnownFileType = text.plist.xml; path = Info.plist; sourceTree = "<group>"; };
		61E766B121FE03F0001F35E6 /* UIViewController.swift */ = {isa = PBXFileReference; lastKnownFileType = sourcecode.swift; path = UIViewController.swift; sourceTree = "<group>"; };
		61E766B421FE044F001F35E6 /* ViewController+UITextField.swift */ = {isa = PBXFileReference; lastKnownFileType = sourcecode.swift; path = "ViewController+UITextField.swift"; sourceTree = "<group>"; };
		61E766B621FE048E001F35E6 /* ViewController+GMSMapView.swift */ = {isa = PBXFileReference; lastKnownFileType = sourcecode.swift; path = "ViewController+GMSMapView.swift"; sourceTree = "<group>"; };
		61E766B821FE04BC001F35E6 /* ViewController+CLLocationManager.swift */ = {isa = PBXFileReference; lastKnownFileType = sourcecode.swift; path = "ViewController+CLLocationManager.swift"; sourceTree = "<group>"; };
		61E766BA21FE04E2001F35E6 /* ViewController+GMSAutocompleteViewController.swift */ = {isa = PBXFileReference; lastKnownFileType = sourcecode.swift; path = "ViewController+GMSAutocompleteViewController.swift"; sourceTree = "<group>"; };
		61E766BC21FE056D001F35E6 /* LocationEnum.swift */ = {isa = PBXFileReference; lastKnownFileType = sourcecode.swift; path = LocationEnum.swift; sourceTree = "<group>"; };
		61E766BE21FE07BA001F35E6 /* APIKey.swift */ = {isa = PBXFileReference; lastKnownFileType = sourcecode.swift; path = APIKey.swift; sourceTree = "<group>"; };
		61E766C421FE3191001F35E6 /* night.json */ = {isa = PBXFileReference; lastKnownFileType = text.json; path = night.json; sourceTree = "<group>"; };
		61E766C721FE31D1001F35E6 /* standard.json */ = {isa = PBXFileReference; lastKnownFileType = text.json; path = standard.json; sourceTree = "<group>"; };
		6B1CC935579CB163FBF86501 /* Pods-RouteBuilder(GoogleMaps).release.xcconfig */ = {isa = PBXFileReference; includeInIndex = 1; lastKnownFileType = text.xcconfig; name = "Pods-RouteBuilder(GoogleMaps).release.xcconfig"; path = "Pods/Target Support Files/Pods-RouteBuilder(GoogleMaps)/Pods-RouteBuilder(GoogleMaps).release.xcconfig"; sourceTree = "<group>"; };
		989958F95A2A8F501E332CA2 /* Pods_RouteBuilder_GoogleMaps_.framework */ = {isa = PBXFileReference; explicitFileType = wrapper.framework; includeInIndex = 0; path = Pods_RouteBuilder_GoogleMaps_.framework; sourceTree = BUILT_PRODUCTS_DIR; };
		CCD92D4D6BA913036470CA81 /* Pods-RouteBuilder(GoogleMaps).debug.xcconfig */ = {isa = PBXFileReference; includeInIndex = 1; lastKnownFileType = text.xcconfig; name = "Pods-RouteBuilder(GoogleMaps).debug.xcconfig"; path = "Pods/Target Support Files/Pods-RouteBuilder(GoogleMaps)/Pods-RouteBuilder(GoogleMaps).debug.xcconfig"; sourceTree = "<group>"; };
/* End PBXFileReference section */

/* Begin PBXFrameworksBuildPhase section */
		6179599C21FDB97900CDDAD3 /* Frameworks */ = {
			isa = PBXFrameworksBuildPhase;
			buildActionMask = 2147483647;
			files = (
				CF3F715DEFD148D241E94B5C /* Pods_RouteBuilder_GoogleMaps_.framework in Frameworks */,
			);
			runOnlyForDeploymentPostprocessing = 0;
		};
/* End PBXFrameworksBuildPhase section */

/* Begin PBXGroup section */
		03F744C650A9235C6C8F310E /* Pods */ = {
			isa = PBXGroup;
			children = (
				CCD92D4D6BA913036470CA81 /* Pods-RouteBuilder(GoogleMaps).debug.xcconfig */,
				6B1CC935579CB163FBF86501 /* Pods-RouteBuilder(GoogleMaps).release.xcconfig */,
			);
			name = Pods;
			sourceTree = "<group>";
		};
		6179599621FDB97900CDDAD3 = {
			isa = PBXGroup;
			children = (
				617959A121FDB97900CDDAD3 /* RouteBuilder(GoogleMaps) */,
				617959A021FDB97900CDDAD3 /* Products */,
				03F744C650A9235C6C8F310E /* Pods */,
				A2C0D58F3ADA2EB63C0B520F /* Frameworks */,
			);
			sourceTree = "<group>";
		};
		617959A021FDB97900CDDAD3 /* Products */ = {
			isa = PBXGroup;
			children = (
				6179599F21FDB97900CDDAD3 /* RouteBuilder(GoogleMaps).app */,
			);
			name = Products;
			sourceTree = "<group>";
		};
		617959A121FDB97900CDDAD3 /* RouteBuilder(GoogleMaps) */ = {
			isa = PBXGroup;
			children = (
				617959A221FDB97900CDDAD3 /* AppDelegate.swift */,
				61E766BE21FE07BA001F35E6 /* APIKey.swift */,
				61E766BC21FE056D001F35E6 /* LocationEnum.swift */,
				61E766B021FE03A9001F35E6 /* ViewController */,
				61E766C621FE31A1001F35E6 /* MapStyles */,
				617959A621FDB97900CDDAD3 /* Main.storyboard */,
				617959A921FDB97900CDDAD3 /* Assets.xcassets */,
				617959AB21FDB97900CDDAD3 /* LaunchScreen.storyboard */,
				617959AE21FDB97900CDDAD3 /* Info.plist */,
			);
			path = "RouteBuilder(GoogleMaps)";
			sourceTree = "<group>";
		};
		61E766B021FE03A9001F35E6 /* ViewController */ = {
			isa = PBXGroup;
			children = (
				617959A421FDB97900CDDAD3 /* ViewController.swift */,
				61E766B321FE03F3001F35E6 /* Extensions */,
			);
			path = ViewController;
			sourceTree = "<group>";
		};
		61E766B321FE03F3001F35E6 /* Extensions */ = {
			isa = PBXGroup;
			children = (
				61E766B121FE03F0001F35E6 /* UIViewController.swift */,
				61E766BA21FE04E2001F35E6 /* ViewController+GMSAutocompleteViewController.swift */,
				61E766B821FE04BC001F35E6 /* ViewController+CLLocationManager.swift */,
				61E766B621FE048E001F35E6 /* ViewController+GMSMapView.swift */,
				61E766B421FE044F001F35E6 /* ViewController+UITextField.swift */,
			);
			path = Extensions;
			sourceTree = "<group>";
		};
		61E766C621FE31A1001F35E6 /* MapStyles */ = {
			isa = PBXGroup;
			children = (
				61E766C421FE3191001F35E6 /* night.json */,
				61E766C721FE31D1001F35E6 /* standard.json */,
			);
			path = MapStyles;
			sourceTree = "<group>";
		};
		A2C0D58F3ADA2EB63C0B520F /* Frameworks */ = {
			isa = PBXGroup;
			children = (
				989958F95A2A8F501E332CA2 /* Pods_RouteBuilder_GoogleMaps_.framework */,
			);
			name = Frameworks;
			sourceTree = "<group>";
		};
/* End PBXGroup section */

/* Begin PBXNativeTarget section */
		6179599E21FDB97900CDDAD3 /* RouteBuilder(GoogleMaps) */ = {
			isa = PBXNativeTarget;
			buildConfigurationList = 617959B121FDB97900CDDAD3 /* Build configuration list for PBXNativeTarget "RouteBuilder(GoogleMaps)" */;
			buildPhases = (
				569C2F67001463A03A2289C8 /* [CP] Check Pods Manifest.lock */,
				6179599B21FDB97900CDDAD3 /* Sources */,
				6179599C21FDB97900CDDAD3 /* Frameworks */,
				6179599D21FDB97900CDDAD3 /* Resources */,
				DB94A57686423E9EDF06E8A6 /* [CP] Embed Pods Frameworks */,
				14FE228443E9C13C6CB6E0ED /* [CP] Copy Pods Resources */,
			);
			buildRules = (
			);
			dependencies = (
			);
			name = "RouteBuilder(GoogleMaps)";
			productName = rush01;
			productReference = 6179599F21FDB97900CDDAD3 /* RouteBuilder(GoogleMaps).app */;
			productType = "com.apple.product-type.application";
		};
/* End PBXNativeTarget section */

/* Begin PBXProject section */
		6179599721FDB97900CDDAD3 /* Project object */ = {
			isa = PBXProject;
			attributes = {
				LastSwiftUpdateCheck = 0920;
				LastUpgradeCheck = 1010;
				ORGANIZATIONNAME = "Ruslan NAUMENKO";
				TargetAttributes = {
					6179599E21FDB97900CDDAD3 = {
						CreatedOnToolsVersion = 9.2;
						LastSwiftMigration = 1010;
						ProvisioningStyle = Manual;
					};
				};
			};
			buildConfigurationList = 6179599A21FDB97900CDDAD3 /* Build configuration list for PBXProject "RouteBuilder(GoogleMaps)" */;
			compatibilityVersion = "Xcode 8.0";
			developmentRegion = en;
			hasScannedForEncodings = 0;
			knownRegions = (
				en,
				Base,
			);
			mainGroup = 6179599621FDB97900CDDAD3;
			productRefGroup = 617959A021FDB97900CDDAD3 /* Products */;
			projectDirPath = "";
			projectRoot = "";
			targets = (
				6179599E21FDB97900CDDAD3 /* RouteBuilder(GoogleMaps) */,
			);
		};
/* End PBXProject section */

/* Begin PBXResourcesBuildPhase section */
		6179599D21FDB97900CDDAD3 /* Resources */ = {
			isa = PBXResourcesBuildPhase;
			buildActionMask = 2147483647;
			files = (
				61E766C821FE31D1001F35E6 /* standard.json in Resources */,
				617959AD21FDB97900CDDAD3 /* LaunchScreen.storyboard in Resources */,
				617959AA21FDB97900CDDAD3 /* Assets.xcassets in Resources */,
				61E766C521FE3196001F35E6 /* night.json in Resources */,
				617959A821FDB97900CDDAD3 /* Main.storyboard in Resources */,
			);
			runOnlyForDeploymentPostprocessing = 0;
		};
/* End PBXResourcesBuildPhase section */

/* Begin PBXShellScriptBuildPhase section */
		14FE228443E9C13C6CB6E0ED /* [CP] Copy Pods Resources */ = {
			isa = PBXShellScriptBuildPhase;
			buildActionMask = 2147483647;
			files = (
			);
			inputFileListPaths = (
			);
			inputPaths = (
				"${SRCROOT}/Pods/Target Support Files/Pods-RouteBuilder(GoogleMaps)/Pods-RouteBuilder(GoogleMaps)-resources.sh",
				"${PODS_ROOT}/GoogleMaps/Maps/Frameworks/GoogleMaps.framework/Resources/GoogleMaps.bundle",
				"${PODS_ROOT}/GooglePlaces/Frameworks/GooglePlaces.framework/Resources/GooglePlaces.bundle",
			);
			name = "[CP] Copy Pods Resources";
			outputFileListPaths = (
			);
			outputPaths = (
				"${TARGET_BUILD_DIR}/${UNLOCALIZED_RESOURCES_FOLDER_PATH}/GoogleMaps.bundle",
				"${TARGET_BUILD_DIR}/${UNLOCALIZED_RESOURCES_FOLDER_PATH}/GooglePlaces.bundle",
			);
			runOnlyForDeploymentPostprocessing = 0;
			shellPath = /bin/sh;
			shellScript = "\"${SRCROOT}/Pods/Target Support Files/Pods-RouteBuilder(GoogleMaps)/Pods-RouteBuilder(GoogleMaps)-resources.sh\"\n";
			showEnvVarsInLog = 0;
		};
		569C2F67001463A03A2289C8 /* [CP] Check Pods Manifest.lock */ = {
			isa = PBXShellScriptBuildPhase;
			buildActionMask = 2147483647;
			files = (
			);
			inputFileListPaths = (
			);
			inputPaths = (
				"${PODS_PODFILE_DIR_PATH}/Podfile.lock",
				"${PODS_ROOT}/Manifest.lock",
			);
			name = "[CP] Check Pods Manifest.lock";
			outputFileListPaths = (
			);
			outputPaths = (
				"$(DERIVED_FILE_DIR)/Pods-RouteBuilder(GoogleMaps)-checkManifestLockResult.txt",
			);
			runOnlyForDeploymentPostprocessing = 0;
			shellPath = /bin/sh;
			shellScript = "diff \"${PODS_PODFILE_DIR_PATH}/Podfile.lock\" \"${PODS_ROOT}/Manifest.lock\" > /dev/null\nif [ $? != 0 ] ; then\n    # print error to STDERR\n    echo \"error: The sandbox is not in sync with the Podfile.lock. Run 'pod install' or update your CocoaPods installation.\" >&2\n    exit 1\nfi\n# This output is used by Xcode 'outputs' to avoid re-running this script phase.\necho \"SUCCESS\" > \"${SCRIPT_OUTPUT_FILE_0}\"\n";
			showEnvVarsInLog = 0;
		};
		DB94A57686423E9EDF06E8A6 /* [CP] Embed Pods Frameworks */ = {
			isa = PBXShellScriptBuildPhase;
			buildActionMask = 2147483647;
			files = (
			);
			inputFileListPaths = (
			);
			inputPaths = (
				"${SRCROOT}/Pods/Target Support Files/Pods-RouteBuilder(GoogleMaps)/Pods-RouteBuilder(GoogleMaps)-frameworks.sh",
				"${BUILT_PRODUCTS_DIR}/Alamofire/Alamofire.framework",
				"${BUILT_PRODUCTS_DIR}/SwiftyJSON/SwiftyJSON.framework",
			);
			name = "[CP] Embed Pods Frameworks";
			outputFileListPaths = (
			);
			outputPaths = (
				"${TARGET_BUILD_DIR}/${FRAMEWORKS_FOLDER_PATH}/Alamofire.framework",
				"${TARGET_BUILD_DIR}/${FRAMEWORKS_FOLDER_PATH}/SwiftyJSON.framework",
			);
			runOnlyForDeploymentPostprocessing = 0;
			shellPath = /bin/sh;
			shellScript = "\"${SRCROOT}/Pods/Target Support Files/Pods-RouteBuilder(GoogleMaps)/Pods-RouteBuilder(GoogleMaps)-frameworks.sh\"\n";
			showEnvVarsInLog = 0;
		};
/* End PBXShellScriptBuildPhase section */

/* Begin PBXSourcesBuildPhase section */
		6179599B21FDB97900CDDAD3 /* Sources */ = {
			isa = PBXSourcesBuildPhase;
			buildActionMask = 2147483647;
			files = (
				617959A521FDB97900CDDAD3 /* ViewController.swift in Sources */,
				61E766B921FE04BC001F35E6 /* ViewController+CLLocationManager.swift in Sources */,
				61E766B721FE048E001F35E6 /* ViewController+GMSMapView.swift in Sources */,
				61E766BD21FE056D001F35E6 /* LocationEnum.swift in Sources */,
				61E766BB21FE04E2001F35E6 /* ViewController+GMSAutocompleteViewController.swift in Sources */,
				617959A321FDB97900CDDAD3 /* AppDelegate.swift in Sources */,
				61E766B521FE044F001F35E6 /* ViewController+UITextField.swift in Sources */,
				61E766BF21FE07BA001F35E6 /* APIKey.swift in Sources */,
				61E766B221FE03F0001F35E6 /* UIViewController.swift in Sources */,
			);
			runOnlyForDeploymentPostprocessing = 0;
		};
/* End PBXSourcesBuildPhase section */

/* Begin PBXVariantGroup section */
		617959A621FDB97900CDDAD3 /* Main.storyboard */ = {
			isa = PBXVariantGroup;
			children = (
				617959A721FDB97900CDDAD3 /* Base */,
			);
			name = Main.storyboard;
			sourceTree = "<group>";
		};
		617959AB21FDB97900CDDAD3 /* LaunchScreen.storyboard */ = {
			isa = PBXVariantGroup;
			children = (
				617959AC21FDB97900CDDAD3 /* Base */,
			);
			name = LaunchScreen.storyboard;
			sourceTree = "<group>";
		};
/* End PBXVariantGroup section */

/* Begin XCBuildConfiguration section */
		617959AF21FDB97900CDDAD3 /* Debug */ = {
			isa = XCBuildConfiguration;
			buildSettings = {
				ALWAYS_SEARCH_USER_PATHS = NO;
				CLANG_ANALYZER_NONNULL = YES;
				CLANG_ANALYZER_NUMBER_OBJECT_CONVERSION = YES_AGGRESSIVE;
				CLANG_CXX_LANGUAGE_STANDARD = "gnu++14";
				CLANG_CXX_LIBRARY = "libc++";
				CLANG_ENABLE_MODULES = YES;
				CLANG_ENABLE_OBJC_ARC = YES;
				CLANG_WARN_BLOCK_CAPTURE_AUTORELEASING = YES;
				CLANG_WARN_BOOL_CONVERSION = YES;
				CLANG_WARN_COMMA = YES;
				CLANG_WARN_CONSTANT_CONVERSION = YES;
				CLANG_WARN_DEPRECATED_OBJC_IMPLEMENTATIONS = YES;
				CLANG_WARN_DIRECT_OBJC_ISA_USAGE = YES_ERROR;
				CLANG_WARN_DOCUMENTATION_COMMENTS = YES;
				CLANG_WARN_EMPTY_BODY = YES;
				CLANG_WARN_ENUM_CONVERSION = YES;
				CLANG_WARN_INFINITE_RECURSION = YES;
				CLANG_WARN_INT_CONVERSION = YES;
				CLANG_WARN_NON_LITERAL_NULL_CONVERSION = YES;
				CLANG_WARN_OBJC_IMPLICIT_RETAIN_SELF = YES;
				CLANG_WARN_OBJC_LITERAL_CONVERSION = YES;
				CLANG_WARN_OBJC_ROOT_CLASS = YES_ERROR;
				CLANG_WARN_RANGE_LOOP_ANALYSIS = YES;
				CLANG_WARN_STRICT_PROTOTYPES = YES;
				CLANG_WARN_SUSPICIOUS_MOVE = YES;
				CLANG_WARN_UNGUARDED_AVAILABILITY = YES_AGGRESSIVE;
				CLANG_WARN_UNREACHABLE_CODE = YES;
				CLANG_WARN__DUPLICATE_METHOD_MATCH = YES;
				CODE_SIGN_IDENTITY = "iPhone Developer";
				COPY_PHASE_STRIP = NO;
				DEBUG_INFORMATION_FORMAT = dwarf;
				ENABLE_STRICT_OBJC_MSGSEND = YES;
				ENABLE_TESTABILITY = YES;
				GCC_C_LANGUAGE_STANDARD = gnu11;
				GCC_DYNAMIC_NO_PIC = NO;
				GCC_NO_COMMON_BLOCKS = YES;
				GCC_OPTIMIZATION_LEVEL = 0;
				GCC_PREPROCESSOR_DEFINITIONS = (
					"DEBUG=1",
					"$(inherited)",
				);
				GCC_WARN_64_TO_32_BIT_CONVERSION = YES;
				GCC_WARN_ABOUT_RETURN_TYPE = YES_ERROR;
				GCC_WARN_UNDECLARED_SELECTOR = YES;
				GCC_WARN_UNINITIALIZED_AUTOS = YES_AGGRESSIVE;
				GCC_WARN_UNUSED_FUNCTION = YES;
				GCC_WARN_UNUSED_VARIABLE = YES;
				IPHONEOS_DEPLOYMENT_TARGET = 11.2;
				MTL_ENABLE_DEBUG_INFO = YES;
				ONLY_ACTIVE_ARCH = YES;
				SDKROOT = iphoneos;
				SWIFT_ACTIVE_COMPILATION_CONDITIONS = DEBUG;
				SWIFT_OPTIMIZATION_LEVEL = "-Onone";
			};
			name = Debug;
		};
		617959B021FDB97900CDDAD3 /* Release */ = {
			isa = XCBuildConfiguration;
			buildSettings = {
				ALWAYS_SEARCH_USER_PATHS = NO;
				CLANG_ANALYZER_NONNULL = YES;
				CLANG_ANALYZER_NUMBER_OBJECT_CONVERSION = YES_AGGRESSIVE;
				CLANG_CXX_LANGUAGE_STANDARD = "gnu++14";
				CLANG_CXX_LIBRARY = "libc++";
				CLANG_ENABLE_MODULES = YES;
				CLANG_ENABLE_OBJC_ARC = YES;
				CLANG_WARN_BLOCK_CAPTURE_AUTORELEASING = YES;
				CLANG_WARN_BOOL_CONVERSION = YES;
				CLANG_WARN_COMMA = YES;
				CLANG_WARN_CONSTANT_CONVERSION = YES;
				CLANG_WARN_DEPRECATED_OBJC_IMPLEMENTATIONS = YES;
				CLANG_WARN_DIRECT_OBJC_ISA_USAGE = YES_ERROR;
				CLANG_WARN_DOCUMENTATION_COMMENTS = YES;
				CLANG_WARN_EMPTY_BODY = YES;
				CLANG_WARN_ENUM_CONVERSION = YES;
				CLANG_WARN_INFINITE_RECURSION = YES;
				CLANG_WARN_INT_CONVERSION = YES;
				CLANG_WARN_NON_LITERAL_NULL_CONVERSION = YES;
				CLANG_WARN_OBJC_IMPLICIT_RETAIN_SELF = YES;
				CLANG_WARN_OBJC_LITERAL_CONVERSION = YES;
				CLANG_WARN_OBJC_ROOT_CLASS = YES_ERROR;
				CLANG_WARN_RANGE_LOOP_ANALYSIS = YES;
				CLANG_WARN_STRICT_PROTOTYPES = YES;
				CLANG_WARN_SUSPICIOUS_MOVE = YES;
				CLANG_WARN_UNGUARDED_AVAILABILITY = YES_AGGRESSIVE;
				CLANG_WARN_UNREACHABLE_CODE = YES;
				CLANG_WARN__DUPLICATE_METHOD_MATCH = YES;
				CODE_SIGN_IDENTITY = "iPhone Developer";
				COPY_PHASE_STRIP = NO;
				DEBUG_INFORMATION_FORMAT = "dwarf-with-dsym";
				ENABLE_NS_ASSERTIONS = NO;
				ENABLE_STRICT_OBJC_MSGSEND = YES;
				GCC_C_LANGUAGE_STANDARD = gnu11;
				GCC_NO_COMMON_BLOCKS = YES;
				GCC_WARN_64_TO_32_BIT_CONVERSION = YES;
				GCC_WARN_ABOUT_RETURN_TYPE = YES_ERROR;
				GCC_WARN_UNDECLARED_SELECTOR = YES;
				GCC_WARN_UNINITIALIZED_AUTOS = YES_AGGRESSIVE;
				GCC_WARN_UNUSED_FUNCTION = YES;
				GCC_WARN_UNUSED_VARIABLE = YES;
				IPHONEOS_DEPLOYMENT_TARGET = 11.2;
				MTL_ENABLE_DEBUG_INFO = NO;
				SDKROOT = iphoneos;
				SWIFT_OPTIMIZATION_LEVEL = "-Owholemodule";
				VALIDATE_PRODUCT = YES;
			};
			name = Release;
		};
		617959B221FDB97900CDDAD3 /* Debug */ = {
			isa = XCBuildConfiguration;
			baseConfigurationReference = CCD92D4D6BA913036470CA81 /* Pods-RouteBuilder(GoogleMaps).debug.xcconfig */;
			buildSettings = {
				ASSETCATALOG_COMPILER_APPICON_NAME = AppIcon;
				CODE_SIGN_STYLE = Manual;
				DEVELOPMENT_TEAM = "";
				INFOPLIST_FILE = "$(SRCROOT)/RouteBuilder(GoogleMaps)/Info.plist";
				LD_RUNPATH_SEARCH_PATHS = "$(inherited) @executable_path/Frameworks";
				PRODUCT_BUNDLE_IDENTIFIER = "rnaumenk.RouteBuilder-GoogleMaps-";
				PRODUCT_NAME = "$(TARGET_NAME)";
				PROVISIONING_PROFILE_SPECIFIER = "";
				SWIFT_VERSION = 4.2;
				TARGETED_DEVICE_FAMILY = "1,2";
			};
			name = Debug;
		};
		617959B321FDB97900CDDAD3 /* Release */ = {
			isa = XCBuildConfiguration;
			baseConfigurationReference = 6B1CC935579CB163FBF86501 /* Pods-RouteBuilder(GoogleMaps).release.xcconfig */;
			buildSettings = {
				ASSETCATALOG_COMPILER_APPICON_NAME = AppIcon;
				CODE_SIGN_STYLE = Manual;
				DEVELOPMENT_TEAM = "";
				INFOPLIST_FILE = "$(SRCROOT)/RouteBuilder(GoogleMaps)/Info.plist";
				LD_RUNPATH_SEARCH_PATHS = "$(inherited) @executable_path/Frameworks";
				PRODUCT_BUNDLE_IDENTIFIER = "rnaumenk.RouteBuilder-GoogleMaps-";
				PRODUCT_NAME = "$(TARGET_NAME)";
				PROVISIONING_PROFILE_SPECIFIER = "";
				SWIFT_VERSION = 4.2;
				TARGETED_DEVICE_FAMILY = "1,2";
			};
			name = Release;
		};
/* End XCBuildConfiguration section */

/* Begin XCConfigurationList section */
		6179599A21FDB97900CDDAD3 /* Build configuration list for PBXProject "RouteBuilder(GoogleMaps)" */ = {
			isa = XCConfigurationList;
			buildConfigurations = (
				617959AF21FDB97900CDDAD3 /* Debug */,
				617959B021FDB97900CDDAD3 /* Release */,
			);
			defaultConfigurationIsVisible = 0;
			defaultConfigurationName = Release;
		};
		617959B121FDB97900CDDAD3 /* Build configuration list for PBXNativeTarget "RouteBuilder(GoogleMaps)" */ = {
			isa = XCConfigurationList;
			buildConfigurations = (
				617959B221FDB97900CDDAD3 /* Debug */,
				617959B321FDB97900CDDAD3 /* Release */,
			);
			defaultConfigurationIsVisible = 0;
			defaultConfigurationName = Release;
		};
/* End XCConfigurationList section */
	};
	rootObject = 6179599721FDB97900CDDAD3 /* Project object */;
}
